
Microsoft Visual Studio Solution File, Format Version 12.00
# Visual Studio 2012
Project("{FAE04EC0-301F-11D3-BF4B-00C04F79EFBC}") = "SwissTransport", "SwissTransport.csproj", "{623C8608-4AAB-4523-9F22-4E3BF888B4E4}"
EndProject
Global
	GlobalSection(SolutionConfigurationPlatforms) = preSolution
		Debug|Any CPU = Debug|Any CPU
		Release|Any CPU = Release|Any CPU
	EndGlobalSection
	GlobalSection(ProjectConfigurationPlatforms) = postSolution
		{623C8608-4AAB-4523-9F22-4E3BF888B4E4}.Debug|Any CPU.ActiveCfg = Debug|Any CPU
		{623C8608-4AAB-4523-9F22-4E3BF888B4E4}.Debug|Any CPU.Build.0 = Debug|Any CPU
		{623C8608-4AAB-4523-9F22-4E3BF888B4E4}.Release|Any CPU.ActiveCfg = Release|Any CPU
		{623C8608-4AAB-4523-9F22-4E3BF888B4E4}.Release|Any CPU.Build.0 = Release|Any CPU
	EndGlobalSection
EndGlobal
